{
  "name": "FigmaConsoleKit",
  "version": "1.2.0",
  "lockfileVersion": 2,
  "requires": true,
  "packages": {
    "": {
      "name": "FigmaConsoleKit",
      "version": "1.2.0",
      "license": "MIT",
      "dependencies": {
        "axios": "^0.21.1",
        "client-zip": "^1.5.1",
        "color": "^4.2.0",
        "esbuild": "^0.12.8",
        "font-color-contrast": "^10.1.0",
        "loadsh": "^0.0.4",
        "mathjs": "^9.4.2"
      },
      "devDependencies": {
        "@figma/plugin-typings": "^1.19.2"
      }
    },
    "node_modules/@babel/runtime": {
      "version": "7.16.7",
      "resolved": "https://registry.npmmirror.com/@babel/runtime/download/@babel/runtime-7.16.7.tgz",
      "integrity": "sha512-9E9FJowqAsytyOY6LG+1KuueckRL+aQW+mKvXRXnuFGyRAyepJPmEo9vgMfXUA6O9u3IeEdv9MAkppFcaQwogQ==",
      "dependencies": {
        "regenerator-runtime": "^0.13.4"
      },
      "engines": {
        "node": ">=6.9.0"
      }
    },
    "node_modules/@figma/plugin-typings": {
      "version": "1.40.0",
      "resolved": "https://registry.npmmirror.com/@figma/plugin-typings/download/@figma/plugin-typings-1.40.0.tgz",
      "integrity": "sha512-PA73qVIn6KFVpnJkt2xNbCpaxx04pXs9eu22JH2123O7Mu17ARLDlXE+tt1ikACfsS6aEGsStI3IFPks+yomVA==",
      "dev": true
    },
    "node_modules/axios": {
      "version": "0.21.4",
      "resolved": "https://registry.npmmirror.com/axios/download/axios-0.21.4.tgz",
      "integrity": "sha512-ut5vewkiu8jjGBdqpM44XxjuCjq9LAKeHVmoVfHVzy8eHgxxq8SbAVQNovDA8mVi05kP0Ea/n/UzcSHcTJQfNg==",
      "dependencies": {
        "follow-redirects": "^1.14.0"
      }
    },
    "node_modules/client-zip": {
      "version": "1.5.1",
      "resolved": "https://registry.npmmirror.com/client-zip/-/client-zip-1.5.1.tgz",
      "integrity": "sha512-uuEGhjC4rHej0Ho0h+DbCsngfwPAQGjh2GNzI/Qd5D/4162EJQq0ZsE1GTUDaFjQp8Pt2FR97itJNXPsNHjowA=="
    },
    "node_modules/color": {
      "version": "4.2.0",
      "resolved": "https://registry.npmmirror.com/color/download/color-4.2.0.tgz",
      "integrity": "sha512-hHTcrbvEnGjC7WBMk6ibQWFVDgEFTVmjrz2Q5HlU6ltwxv0JJN2Z8I7uRbWeQLF04dikxs8zgyZkazRJvSMtyQ==",
      "dependencies": {
        "color-convert": "^2.0.1",
        "color-string": "^1.9.0"
      }
    },
    "node_modules/color-convert": {
      "version": "2.0.1",
      "resolved": "https://registry.npmmirror.com/color-convert/download/color-convert-2.0.1.tgz",
      "integrity": "sha1-ctOmjVmMm9s68q0ehPIdiWq9TeM=",
      "dependencies": {
        "color-name": "~1.1.4"
      },
      "engines": {
        "node": ">=7.0.0"
      }
    },
    "node_modules/color-name": {
      "version": "1.1.4",
      "resolved": "https://registry.npmmirror.com/color-name/download/color-name-1.1.4.tgz",
      "integrity": "sha1-wqCah6y95pVD3m9j+jmVyCbFNqI="
    },
    "node_modules/color-string": {
      "version": "1.9.0",
      "resolved": "https://registry.npmmirror.com/color-string/download/color-string-1.9.0.tgz",
      "integrity": "sha512-9Mrz2AQLefkH1UvASKj6v6hj/7eWgjnT/cVsR8CumieLoT+g900exWeNogqtweI8dxloXN9BDQTYro1oWu/5CQ==",
      "dependencies": {
        "color-name": "^1.0.0",
        "simple-swizzle": "^0.2.2"
      }
    },
    "node_modules/complex.js": {
      "version": "2.0.15",
      "resolved": "https://registry.npmmirror.com/complex.js/download/complex.js-2.0.15.tgz",
      "integrity": "sha1-et1oSLTB0SqpJi99+SXr56UadAY=",
      "engines": {
        "node": "*"
      }
    },
    "node_modules/decimal.js": {
      "version": "10.3.1",
      "resolved": "https://registry.npmmirror.com/decimal.js/download/decimal.js-10.3.1.tgz",
      "integrity": "sha1-2MOkRKnGd0umDKatcmHDqU/V54M="
    },
    "node_modules/esbuild": {
      "version": "0.12.29",
      "resolved": "https://registry.npmmirror.com/esbuild/download/esbuild-0.12.29.tgz",
      "integrity": "sha512-w/XuoBCSwepyiZtIRsKsetiLDUVGPVw1E/R3VTFSecIy8UR7Cq3SOtwKHJMFoVqqVG36aGkzh4e8BvpO1Fdc7g==",
      "hasInstallScript": true,
      "bin": {
        "esbuild": "bin/esbuild"
      }
    },
    "node_modules/escape-latex": {
      "version": "1.2.0",
      "resolved": "https://registry.npmmirror.com/escape-latex/download/escape-latex-1.2.0.tgz",
      "integrity": "sha1-B8A4GM99rCUMzlF/T9obAB7yvKE="
    },
    "node_modules/follow-redirects": {
      "version": "1.14.7",
      "resolved": "https://registry.npmmirror.com/follow-redirects/download/follow-redirects-1.14.7.tgz",
      "integrity": "sha512-+hbxoLbFMbRKDwohX8GkTataGqO6Jb7jGwpAlwgy2bIz25XtRm7KEzJM76R1WiNT5SwZkX4Y75SwBolkpmE7iQ==",
      "engines": {
        "node": ">=4.0"
      },
      "peerDependenciesMeta": {
        "debug": {
          "optional": true
        }
      }
    },
    "node_modules/font-color-contrast": {
      "version": "10.1.0",
      "resolved": "https://registry.npmmirror.com/font-color-contrast/download/font-color-contrast-10.1.0.tgz",
      "integrity": "sha1-/LxAp58Z9WIVpMA84mH4glMyQQ8=",
      "license": "MIT"
    },
    "node_modules/fraction.js": {
      "version": "4.1.2",
      "resolved": "https://registry.npmmirror.com/fraction.js/download/fraction.js-4.1.2.tgz?cache=0&sync_timestamp=1636701944838&other_urls=https%3A%2F%2Fregistry.npmmirror.com%2Ffraction.js%2Fdownload%2Ffraction.js-4.1.2.tgz",
      "integrity": "sha512-o2RiJQ6DZaR/5+Si0qJUIy637QMRudSi9kU/FFzx9EZazrIdnBgpU+3sEWCxAVhH2RtxW2Oz+T4p2o8uOPVcgA==",
      "engines": {
        "node": "*"
      },
      "funding": {
        "type": "patreon",
        "url": "https://www.patreon.com/infusion"
      }
    },
    "node_modules/is-arrayish": {
      "version": "0.3.2",
      "resolved": "https://registry.npmmirror.com/is-arrayish/download/is-arrayish-0.3.2.tgz",
      "integrity": "sha1-RXSirlb3qyBolvtDHq7tBm/fjwM="
    },
    "node_modules/javascript-natural-sort": {
      "version": "0.7.1",
      "resolved": "https://registry.npmmirror.com/javascript-natural-sort/download/javascript-natural-sort-0.7.1.tgz",
      "integrity": "sha1-+eIwPUUH9tdDVac2ZNFED7Wg71k="
    },
    "node_modules/loadsh": {
      "version": "0.0.4",
      "resolved": "https://registry.npmmirror.com/loadsh/download/loadsh-0.0.4.tgz",
      "integrity": "sha512-U+wLL8InpfRalWrr+0SuhWgGt10M4OyAk6G8xCYo2rwpiHtxZkWiFpjei0vO463ghW8LPCdhqQxXlMy2qicAEw==",
      "deprecated": "This is a typosquat on the popular Lodash package. This is not maintained nor is the original Lodash package."
    },
    "node_modules/mathjs": {
      "version": "9.5.2",
      "resolved": "https://registry.npmmirror.com/mathjs/download/mathjs-9.5.2.tgz",
      "integrity": "sha1-4PMnkyDcb0nkXZnE/N2LUiMfBGI=",
      "license": "Apache-2.0",
      "dependencies": {
        "@babel/runtime": "^7.15.4",
        "complex.js": "^2.0.15",
        "decimal.js": "^10.3.1",
        "escape-latex": "^1.2.0",
        "fraction.js": "^4.1.1",
        "javascript-natural-sort": "^0.7.1",
        "seedrandom": "^3.0.5",
        "tiny-emitter": "^2.1.0",
        "typed-function": "^2.0.0"
      },
      "bin": {
        "mathjs": "bin/cli.js"
      },
      "engines": {
        "node": ">= 12"
      }
    },
    "node_modules/regenerator-runtime": {
      "version": "0.13.9",
      "resolved": "https://registry.npmmirror.com/regenerator-runtime/download/regenerator-runtime-0.13.9.tgz",
      "integrity": "sha512-p3VT+cOEgxFsRRA9X4lkI1E+k2/CtnKtU4gcxyaCUreilL/vqI6CdZ3wxVUx3UOUg+gnUOQQcRI7BmSI656MYA=="
    },
    "node_modules/seedrandom": {
      "version": "3.0.5",
      "resolved": "https://registry.npmmirror.com/seedrandom/download/seedrandom-3.0.5.tgz",
      "integrity": "sha1-VO3IXJUiJSWwx6b2s1Q9jgs6oKc="
    },
    "node_modules/simple-swizzle": {
      "version": "0.2.2",
      "resolved": "https://registry.npmmirror.com/simple-swizzle/download/simple-swizzle-0.2.2.tgz",
      "integrity": "sha1-pNprY1/8zMoz9w0Xy5JZLeleVXo=",
      "dependencies": {
        "is-arrayish": "^0.3.1"
      }
    },
    "node_modules/tiny-emitter": {
      "version": "2.1.0",
      "resolved": "https://registry.npmmirror.com/tiny-emitter/download/tiny-emitter-2.1.0.tgz",
      "integrity": "sha1-HRpW7fxRxD6GPLtTgqcjMONVVCM="
    },
    "node_modules/typed-function": {
      "version": "2.0.0",
      "resolved": "https://registry.npmmirror.com/typed-function/download/typed-function-2.0.0.tgz",
      "integrity": "sha1-Fas4JYRROKixETvYnmDNakNXOeg=",
      "engines": {
        "node": ">= 8"
      }
    }
  },
  "dependencies": {
    "@babel/runtime": {
      "version": "7.16.7",
      "resolved": "https://registry.npmmirror.com/@babel/runtime/download/@babel/runtime-7.16.7.tgz",
      "integrity": "sha512-9E9FJowqAsytyOY6LG+1KuueckRL+aQW+mKvXRXnuFGyRAyepJPmEo9vgMfXUA6O9u3IeEdv9MAkppFcaQwogQ==",
      "requires": {
        "regenerator-runtime": "^0.13.4"
      }
    },
    "@figma/plugin-typings": {
      "version": "1.40.0",
      "resolved": "https://registry.npmmirror.com/@figma/plugin-typings/download/@figma/plugin-typings-1.40.0.tgz",
      "integrity": "sha512-PA73qVIn6KFVpnJkt2xNbCpaxx04pXs9eu22JH2123O7Mu17ARLDlXE+tt1ikACfsS6aEGsStI3IFPks+yomVA==",
      "dev": true
    },
    "axios": {
      "version": "0.21.4",
      "resolved": "https://registry.npmmirror.com/axios/download/axios-0.21.4.tgz",
      "integrity": "sha512-ut5vewkiu8jjGBdqpM44XxjuCjq9LAKeHVmoVfHVzy8eHgxxq8SbAVQNovDA8mVi05kP0Ea/n/UzcSHcTJQfNg==",
      "requires": {
        "follow-redirects": "^1.14.0"
      }
    },
    "client-zip": {
      "version": "1.5.1",
      "resolved": "https://registry.npmmirror.com/client-zip/-/client-zip-1.5.1.tgz",
      "integrity": "sha512-uuEGhjC4rHej0Ho0h+DbCsngfwPAQGjh2GNzI/Qd5D/4162EJQq0ZsE1GTUDaFjQp8Pt2FR97itJNXPsNHjowA=="
    },
    "color": {
      "version": "4.2.0",
      "resolved": "https://registry.npmmirror.com/color/download/color-4.2.0.tgz",
      "integrity": "sha512-hHTcrbvEnGjC7WBMk6ibQWFVDgEFTVmjrz2Q5HlU6ltwxv0JJN2Z8I7uRbWeQLF04dikxs8zgyZkazRJvSMtyQ==",
      "requires": {
        "color-convert": "^2.0.1",
        "color-string": "^1.9.0"
      }
    },
    "color-convert": {
      "version": "2.0.1",
      "resolved": "https://registry.npmmirror.com/color-convert/download/color-convert-2.0.1.tgz",
      "integrity": "sha1-ctOmjVmMm9s68q0ehPIdiWq9TeM=",
      "requires": {
        "color-name": "~1.1.4"
      }
    },
    "color-name": {
      "version": "1.1.4",
      "resolved": "https://registry.npmmirror.com/color-name/download/color-name-1.1.4.tgz",
      "integrity": "sha1-wqCah6y95pVD3m9j+jmVyCbFNqI="
    },
    "color-string": {
      "version": "1.9.0",
      "resolved": "https://registry.npmmirror.com/color-string/download/color-string-1.9.0.tgz",
      "integrity": "sha512-9Mrz2AQLefkH1UvASKj6v6hj/7eWgjnT/cVsR8CumieLoT+g900exWeNogqtweI8dxloXN9BDQTYro1oWu/5CQ==",
      "requires": {
        "color-name": "^1.0.0",
        "simple-swizzle": "^0.2.2"
      }
    },
    "complex.js": {
      "version": "2.0.15",
      "resolved": "https://registry.npmmirror.com/complex.js/download/complex.js-2.0.15.tgz",
      "integrity": "sha1-et1oSLTB0SqpJi99+SXr56UadAY="
    },
    "decimal.js": {
      "version": "10.3.1",
      "resolved": "https://registry.npmmirror.com/decimal.js/download/decimal.js-10.3.1.tgz",
      "integrity": "sha1-2MOkRKnGd0umDKatcmHDqU/V54M="
    },
    "esbuild": {
      "version": "0.12.29",
      "resolved": "https://registry.npmmirror.com/esbuild/download/esbuild-0.12.29.tgz",
      "integrity": "sha512-w/XuoBCSwepyiZtIRsKsetiLDUVGPVw1E/R3VTFSecIy8UR7Cq3SOtwKHJMFoVqqVG36aGkzh4e8BvpO1Fdc7g=="
    },
    "escape-latex": {
      "version": "1.2.0",
      "resolved": "https://registry.npmmirror.com/escape-latex/download/escape-latex-1.2.0.tgz",
      "integrity": "sha1-B8A4GM99rCUMzlF/T9obAB7yvKE="
    },
    "follow-redirects": {
      "version": "1.14.7",
      "resolved": "https://registry.npmmirror.com/follow-redirects/download/follow-redirects-1.14.7.tgz",
      "integrity": "sha512-+hbxoLbFMbRKDwohX8GkTataGqO6Jb7jGwpAlwgy2bIz25XtRm7KEzJM76R1WiNT5SwZkX4Y75SwBolkpmE7iQ=="
    },
    "font-color-contrast": {
      "version": "10.1.0",
      "resolved": "https://registry.npmmirror.com/font-color-contrast/download/font-color-contrast-10.1.0.tgz",
      "integrity": "sha1-/LxAp58Z9WIVpMA84mH4glMyQQ8="
    },
    "fraction.js": {
      "version": "4.1.2",
      "resolved": "https://registry.npmmirror.com/fraction.js/download/fraction.js-4.1.2.tgz?cache=0&sync_timestamp=1636701944838&other_urls=https%3A%2F%2Fregistry.npmmirror.com%2Ffraction.js%2Fdownload%2Ffraction.js-4.1.2.tgz",
      "integrity": "sha512-o2RiJQ6DZaR/5+Si0qJUIy637QMRudSi9kU/FFzx9EZazrIdnBgpU+3sEWCxAVhH2RtxW2Oz+T4p2o8uOPVcgA=="
    },
    "is-arrayish": {
      "version": "0.3.2",
      "resolved": "https://registry.npmmirror.com/is-arrayish/download/is-arrayish-0.3.2.tgz",
      "integrity": "sha1-RXSirlb3qyBolvtDHq7tBm/fjwM="
    },
    "javascript-natural-sort": {
      "version": "0.7.1",
      "resolved": "https://registry.npmmirror.com/javascript-natural-sort/download/javascript-natural-sort-0.7.1.tgz",
      "integrity": "sha1-+eIwPUUH9tdDVac2ZNFED7Wg71k="
    },
    "loadsh": {
      "version": "0.0.4",
      "resolved": "https://registry.npmmirror.com/loadsh/download/loadsh-0.0.4.tgz",
      "integrity": "sha512-U+wLL8InpfRalWrr+0SuhWgGt10M4OyAk6G8xCYo2rwpiHtxZkWiFpjei0vO463ghW8LPCdhqQxXlMy2qicAEw=="
    },
    "mathjs": {
      "version": "9.5.2",
      "resolved": "https://registry.npmmirror.com/mathjs/download/mathjs-9.5.2.tgz",
      "integrity": "sha1-4PMnkyDcb0nkXZnE/N2LUiMfBGI=",
      "requires": {
        "@babel/runtime": "^7.15.4",
        "complex.js": "^2.0.15",
        "decimal.js": "^10.3.1",
        "escape-latex": "^1.2.0",
        "fraction.js": "^4.1.1",
        "javascript-natural-sort": "^0.7.1",
        "seedrandom": "^3.0.5",
        "tiny-emitter": "^2.1.0",
        "typed-function": "^2.0.0"
      }
    },
    "regenerator-runtime": {
      "version": "0.13.9",
      "resolved": "https://registry.npmmirror.com/regenerator-runtime/download/regenerator-runtime-0.13.9.tgz",
      "integrity": "sha512-p3VT+cOEgxFsRRA9X4lkI1E+k2/CtnKtU4gcxyaCUreilL/vqI6CdZ3wxVUx3UOUg+gnUOQQcRI7BmSI656MYA=="
    },
    "seedrandom": {
      "version": "3.0.5",
      "resolved": "https://registry.npmmirror.com/seedrandom/download/seedrandom-3.0.5.tgz",
      "integrity": "sha1-VO3IXJUiJSWwx6b2s1Q9jgs6oKc="
    },
    "simple-swizzle": {
      "version": "0.2.2",
      "resolved": "https://registry.npmmirror.com/simple-swizzle/download/simple-swizzle-0.2.2.tgz",
      "integrity": "sha1-pNprY1/8zMoz9w0Xy5JZLeleVXo=",
      "requires": {
        "is-arrayish": "^0.3.1"
      }
    },
    "tiny-emitter": {
      "version": "2.1.0",
      "resolved": "https://registry.npmmirror.com/tiny-emitter/download/tiny-emitter-2.1.0.tgz",
      "integrity": "sha1-HRpW7fxRxD6GPLtTgqcjMONVVCM="
    },
    "typed-function": {
      "version": "2.0.0",
      "resolved": "https://registry.npmmirror.com/typed-function/download/typed-function-2.0.0.tgz",
      "integrity": "sha1-Fas4JYRROKixETvYnmDNakNXOeg="
    }
  }
}
